
Microsoft Visual Studio Solution File, Format Version 12.00
# Visual Studio Version 17
VisualStudioVersion = 17.5.33424.131
MinimumVisualStudioVersion = 10.0.40219.1
Project("{FAE04EC0-301F-11D3-BF4B-00C04F79EFBC}") = "B1_1", "B1_1.csproj", "{3D32EA6E-ED33-48B2-BA32-EFCC92227E4B}"
EndProject
Global
	GlobalSection(SolutionConfigurationPlatforms) = preSolution
		Debug|Any CPU = Debug|Any CPU
		Release|Any CPU = Release|Any CPU
	EndGlobalSection
	GlobalSection(ProjectConfigurationPlatforms) = postSolution
		{3D32EA6E-ED33-48B2-BA32-EFCC92227E4B}.Debug|Any CPU.ActiveCfg = Debug|Any CPU
		{3D32EA6E-ED33-48B2-BA32-EFCC92227E4B}.Debug|Any CPU.Build.0 = Debug|Any CPU
		{3D32EA6E-ED33-48B2-BA32-EFCC92227E4B}.Release|Any CPU.ActiveCfg = Release|Any CPU
		{3D32EA6E-ED33-48B2-BA32-EFCC92227E4B}.Release|Any CPU.Build.0 = Release|Any CPU
	EndGlobalSection
	GlobalSection(SolutionProperties) = preSolution
		HideSolutionNode = FALSE
	EndGlobalSection
	GlobalSection(ExtensibilityGlobals) = postSolution
		SolutionGuid = {236B6F11-85A2-499C-B8BA-D235910B665C}
	EndGlobalSection
EndGlobal
